
Microsoft Visual Studio Solution File, Format Version 12.00
# Visual Studio Version 17
VisualStudioVersion = 17.5.33627.172
MinimumVisualStudioVersion = 10.0.40219.1
Project("{FAE04EC0-301F-11D3-BF4B-00C04F79EFBC}") = "ComputeHash", "ComputeHash.csproj", "{C58972FA-6B3A-4A2A-A134-E5437E375E65}"
EndProject
Global
	GlobalSection(SolutionConfigurationPlatforms) = preSolution
		Debug|Any CPU = Debug|Any CPU
		Release|Any CPU = Release|Any CPU
	EndGlobalSection
	GlobalSection(ProjectConfigurationPlatforms) = postSolution
		{C58972FA-6B3A-4A2A-A134-E5437E375E65}.Debug|Any CPU.ActiveCfg = Debug|Any CPU
		{C58972FA-6B3A-4A2A-A134-E5437E375E65}.Debug|Any CPU.Build.0 = Debug|Any CPU
		{C58972FA-6B3A-4A2A-A134-E5437E375E65}.Release|Any CPU.ActiveCfg = Release|Any CPU
		{C58972FA-6B3A-4A2A-A134-E5437E375E65}.Release|Any CPU.Build.0 = Release|Any CPU
	EndGlobalSection
	GlobalSection(SolutionProperties) = preSolution
		HideSolutionNode = FALSE
	EndGlobalSection
	GlobalSection(ExtensibilityGlobals) = postSolution
		SolutionGuid = {122258B0-6D1D-4C5F-9BDB-5EBFB7092B26}
	EndGlobalSection
EndGlobal
